{
  "version": 1,
  "dependencies": {
    "net8.0": {
      "SixLabors.Fonts": {
        "type": "Direct",
        "requested": "[3.0.0, )",
        "resolved": "3.0.0",
        "contentHash": "DzUAgTE8/T7t4YHc2bCFnrtVf4lsmPY9WQ5fKIikohelrRZkEjzwcqrnoei+C8Gd/wvQQ+fzSEsRWae7cFDQ3A=="
      },
      "deltamaths": {
        "type": "Project"
      }
    }
  }
}