{
  "version": 1,
  "dependencies": {
    "net8.0": {
      "SixLabors.Fonts": {
        "type": "Direct",
        "requested": "[3.1.0-fork.cadda774, )",
        "resolved": "3.1.0-fork.cadda774",
        "contentHash": "melkZCD43nHQiY1WTbVxy1+J/YwJ61S9bwPun1UNHBi4iYuIgQSGzP6oJYdaA3bFBZHw6RsByyD4scyfnUUcAw=="
      },
      "deltamaths": {
        "type": "Project"
      }
    },
    "net8.0/osx-arm64": {}
  }
}
